// !$*UTF8*$!
{
	archiveVersion = 1;
	classes = {
	};
	objectVersion = 46;
	objects = {

/* Begin PBXBuildFile section */
		5BD0E47318D1858600F387AF /* Foundation.framework in Frameworks */ = {isa = PBXBuildFile; fileRef = 5BD0E47218D1858600F387AF /* Foundation.framework */; };
		5BD0E47518D1858600F387AF /* CoreGraphics.framework in Frameworks */ = {isa = PBXBuildFile; fileRef = 5BD0E47418D1858600F387AF /* CoreGraphics.framework */; };
		5BD0E47718D1858600F387AF /* UIKit.framework in Frameworks */ = {isa = PBXBuildFile; fileRef = 5BD0E47618D1858600F387AF /* UIKit.framework */; };
		5BD0E47D18D1858600F387AF /* InfoPlist.strings in Resources */ = {isa = PBXBuildFile; fileRef = 5BD0E47B18D1858600F387AF /* InfoPlist.strings */; };
		5BD0E47F18D1858700F387AF /* main.m in Sources */ = {isa = PBXBuildFile; fileRef = 5BD0E47E18D1858700F387AF /* main.m */; };
		5BD0E48318D1858700F387AF /* AppDelegate.m in Sources */ = {isa = PBXBuildFile; fileRef = 5BD0E48218D1858700F387AF /* AppDelegate.m */; };
		5BD0E48618D1858700F387AF /* Main_iPhone.storyboard in Resources */ = {isa = PBXBuildFile; fileRef = 5BD0E48418D1858700F387AF /* Main_iPhone.storyboard */; };
		5BD0E48918D1858700F387AF /* Main_iPad.storyboard in Resources */ = {isa = PBXBuildFile; fileRef = 5BD0E48718D1858700F387AF /* Main_iPad.storyboard */; };
		5BD0E48C18D1858700F387AF /* ViewController.m in Sources */ = {isa = PBXBuildFile; fileRef = 5BD0E48B18D1858700F387AF /* ViewController.m */; };
		5BD0E48E18D1858700F387AF /* Images.xcassets in Resources */ = {isa = PBXBuildFile; fileRef = 5BD0E48D18D1858700F387AF /* Images.xcassets */; };
		5BD0E49518D1858700F387AF /* XCTest.framework in Frameworks */ = {isa = PBXBuildFile; fileRef = 5BD0E49418D1858700F387AF /* XCTest.framework */; };
		5BD0E49618D1858700F387AF /* Foundation.framework in Frameworks */ = {isa = PBXBuildFile; fileRef = 5BD0E47218D1858600F387AF /* Foundation.framework */; };
		5BD0E49718D1858700F387AF /* UIKit.framework in Frameworks */ = {isa = PBXBuildFile; fileRef = 5BD0E47618D1858600F387AF /* UIKit.framework */; };
		5BD0E49F18D1858700F387AF /* InfoPlist.strings in Resources */ = {isa = PBXBuildFile; fileRef = 5BD0E49D18D1858700F387AF /* InfoPlist.strings */; };
		5BD0E4A118D1858700F387AF /* TellemTests.m in Sources */ = {isa = PBXBuildFile; fileRef = 5BD0E4A018D1858700F387AF /* TellemTests.m */; };
/* End PBXBuildFile section */

/* Begin PBXContainerItemProxy section */
		5BD0E49818D1858700F387AF /* PBXContainerItemProxy */ = {
			isa = PBXContainerItemProxy;
			containerPortal = 5BD0E46718D1858600F387AF /* Project object */;
			proxyType = 1;
			remoteGlobalIDString = 5BD0E46E18D1858600F387AF;
			remoteInfo = Tellem;
		};
/* End PBXContainerItemProxy section */

/* Begin PBXFileReference section */
		5BD0E46F18D1858600F387AF /* Tellem.app */ = {isa = PBXFileReference; explicitFileType = wrapper.application; includeInIndex = 0; path = Tellem.app; sourceTree = BUILT_PRODUCTS_DIR; };
		5BD0E47218D1858600F387AF /* Foundation.framework */ = {isa = PBXFileReference; lastKnownFileType = wrapper.framework; name = Foundation.framework; path = System/Library/Frameworks/Foundation.framework; sourceTree = SDKROOT; };
		5BD0E47418D1858600F387AF /* CoreGraphics.framework */ = {isa = PBXFileReference; lastKnownFileType = wrapper.framework; name = CoreGraphics.framework; path = System/Library/Frameworks/CoreGraphics.framework; sourceTree = SDKROOT; };
		5BD0E47618D1858600F387AF /* UIKit.framework */ = {isa = PBXFileReference; lastKnownFileType = wrapper.framework; name = UIKit.framework; path = System/Library/Frameworks/UIKit.framework; sourceTree = SDKROOT; };
		5BD0E47A18D1858600F387AF /* Tellem-Info.plist */ = {isa = PBXFileReference; lastKnownFileType = text.plist.xml; path = "Tellem-Info.plist"; sourceTree = "<group>"; };
		5BD0E47C18D1858600F387AF /* en */ = {isa = PBXFileReference; lastKnownFileType = text.plist.strings; name = en; path = en.lproj/InfoPlist.strings; sourceTree = "<group>"; };
		5BD0E47E18D1858700F387AF /* main.m */ = {isa = PBXFileReference; lastKnownFileType = sourcecode.c.objc; path = main.m; sourceTree = "<group>"; };
		5BD0E48018D1858700F387AF /* Tellem-Prefix.pch */ = {isa = PBXFileReference; lastKnownFileType = sourcecode.c.h; path = "Tellem-Prefix.pch"; sourceTree = "<group>"; };
		5BD0E48118D1858700F387AF /* AppDelegate.h */ = {isa = PBXFileReference; lastKnownFileType = sourcecode.c.h; path = AppDelegate.h; sourceTree = "<group>"; };
		5BD0E48218D1858700F387AF /* AppDelegate.m */ = {isa = PBXFileReference; lastKnownFileType = sourcecode.c.objc; path = AppDelegate.m; sourceTree = "<group>"; };
		5BD0E48518D1858700F387AF /* Base */ = {isa = PBXFileReference; lastKnownFileType = file.storyboard; name = Base; path = Base.lproj/Main_iPhone.storyboard; sourceTree = "<group>"; };
		5BD0E48818D1858700F387AF /* Base */ = {isa = PBXFileReference; lastKnownFileType = file.storyboard; name = Base; path = Base.lproj/Main_iPad.storyboard; sourceTree = "<group>"; };
		5BD0E48A18D1858700F387AF /* ViewController.h */ = {isa = PBXFileReference; lastKnownFileType = sourcecode.c.h; path = ViewController.h; sourceTree = "<group>"; };
		5BD0E48B18D1858700F387AF /* ViewController.m */ = {isa = PBXFileReference; lastKnownFileType = sourcecode.c.objc; path = ViewController.m; sourceTree = "<group>"; };
		5BD0E48D18D1858700F387AF /* Images.xcassets */ = {isa = PBXFileReference; lastKnownFileType = folder.assetcatalog; path = Images.xcassets; sourceTree = "<group>"; };
		5BD0E49318D1858700F387AF /* TellemTests.xctest */ = {isa = PBXFileReference; explicitFileType = wrapper.cfbundle; includeInIndex = 0; path = TellemTests.xctest; sourceTree = BUILT_PRODUCTS_DIR; };
		5BD0E49418D1858700F387AF /* XCTest.framework */ = {isa = PBXFileReference; lastKnownFileType = wrapper.framework; name = XCTest.framework; path = Library/Frameworks/XCTest.framework; sourceTree = DEVELOPER_DIR; };
		5BD0E49C18D1858700F387AF /* TellemTests-Info.plist */ = {isa = PBXFileReference; lastKnownFileType = text.plist.xml; path = "TellemTests-Info.plist"; sourceTree = "<group>"; };
		5BD0E49E18D1858700F387AF /* en */ = {isa = PBXFileReference; lastKnownFileType = text.plist.strings; name = en; path = en.lproj/InfoPlist.strings; sourceTree = "<group>"; };
		5BD0E4A018D1858700F387AF /* TellemTests.m */ = {isa = PBXFileReference; lastKnownFileType = sourcecode.c.objc; path = TellemTests.m; sourceTree = "<group>"; };
/* End PBXFileReference section */

/* Begin PBXFrameworksBuildPhase section */
		5BD0E46C18D1858600F387AF /* Frameworks */ = {
			isa = PBXFrameworksBuildPhase;
			buildActionMask = 2147483647;
			files = (
				5BD0E47518D1858600F387AF /* CoreGraphics.framework in Frameworks */,
				5BD0E47718D1858600F387AF /* UIKit.framework in Frameworks */,
				5BD0E47318D1858600F387AF /* Foundation.framework in Frameworks */,
			);
			runOnlyForDeploymentPostprocessing = 0;
		};
		5BD0E49018D1858700F387AF /* Frameworks */ = {
			isa = PBXFrameworksBuildPhase;
			buildActionMask = 2147483647;
			files = (
				5BD0E49518D1858700F387AF /* XCTest.framework in Frameworks */,
				5BD0E49718D1858700F387AF /* UIKit.framework in Frameworks */,
				5BD0E49618D1858700F387AF /* Foundation.framework in Frameworks */,
			);
			runOnlyForDeploymentPostprocessing = 0;
		};
/* End PBXFrameworksBuildPhase section */

/* Begin PBXGroup section */
		5BD0E46618D1858600F387AF = {
			isa = PBXGroup;
			children = (
				5BD0E47818D1858600F387AF /* Tellem */,
				5BD0E49A18D1858700F387AF /* TellemTests */,
				5BD0E47118D1858600F387AF /* Frameworks */,
				5BD0E47018D1858600F387AF /* Products */,
			);
			sourceTree = "<group>";
		};
		5BD0E47018D1858600F387AF /* Products */ = {
			isa = PBXGroup;
			children = (
				5BD0E46F18D1858600F387AF /* Tellem.app */,
				5BD0E49318D1858700F387AF /* TellemTests.xctest */,
			);
			name = Products;
			sourceTree = "<group>";
		};
		5BD0E47118D1858600F387AF /* Frameworks */ = {
			isa = PBXGroup;
			children = (
				5BD0E47218D1858600F387AF /* Foundation.framework */,
				5BD0E47418D1858600F387AF /* CoreGraphics.framework */,
				5BD0E47618D1858600F387AF /* UIKit.framework */,
				5BD0E49418D1858700F387AF /* XCTest.framework */,
			);
			name = Frameworks;
			sourceTree = "<group>";
		};
		5BD0E47818D1858600F387AF /* Tellem */ = {
			isa = PBXGroup;
			children = (
				5BD0E48118D1858700F387AF /* AppDelegate.h */,
				5BD0E48218D1858700F387AF /* AppDelegate.m */,
				5BD0E48418D1858700F387AF /* Main_iPhone.storyboard */,
				5BD0E48718D1858700F387AF /* Main_iPad.storyboard */,
				5BD0E48A18D1858700F387AF /* ViewController.h */,
				5BD0E48B18D1858700F387AF /* ViewController.m */,
				5BD0E48D18D1858700F387AF /* Images.xcassets */,
				5BD0E47918D1858600F387AF /* Supporting Files */,
			);
			path = Tellem;
			sourceTree = "<group>";
		};
		5BD0E47918D1858600F387AF /* Supporting Files */ = {
			isa = PBXGroup;
			children = (
				5BD0E47A18D1858600F387AF /* Tellem-Info.plist */,
				5BD0E47B18D1858600F387AF /* InfoPlist.strings */,
				5BD0E47E18D1858700F387AF /* main.m */,
				5BD0E48018D1858700F387AF /* Tellem-Prefix.pch */,
			);
			name = "Supporting Files";
			sourceTree = "<group>";
		};
		5BD0E49A18D1858700F387AF /* TellemTests */ = {
			isa = PBXGroup;
			children = (
				5BD0E4A018D1858700F387AF /* TellemTests.m */,
				5BD0E49B18D1858700F387AF /* Supporting Files */,
			);
			path = TellemTests;
			sourceTree = "<group>";
		};
		5BD0E49B18D1858700F387AF /* Supporting Files */ = {
			isa = PBXGroup;
			children = (
				5BD0E49C18D1858700F387AF /* TellemTests-Info.plist */,
				5BD0E49D18D1858700F387AF /* InfoPlist.strings */,
			);
			name = "Supporting Files";
			sourceTree = "<group>";
		};
/* End PBXGroup section */

/* Begin PBXNativeTarget section */
		5BD0E46E18D1858600F387AF /* Tellem */ = {
			isa = PBXNativeTarget;
			buildConfigurationList = 5BD0E4A418D1858700F387AF /* Build configuration list for PBXNativeTarget "Tellem" */;
			buildPhases = (
				5BD0E46B18D1858600F387AF /* Sources */,
				5BD0E46C18D1858600F387AF /* Frameworks */,
				5BD0E46D18D1858600F387AF /* Resources */,
			);
			buildRules = (
			);
			dependencies = (
			);
			name = Tellem;
			productName = Tellem;
			productReference = 5BD0E46F18D1858600F387AF /* Tellem.app */;
			productType = "com.apple.product-type.application";
		};
		5BD0E49218D1858700F387AF /* TellemTests */ = {
			isa = PBXNativeTarget;
			buildConfigurationList = 5BD0E4A718D1858700F387AF /* Build configuration list for PBXNativeTarget "TellemTests" */;
			buildPhases = (
				5BD0E48F18D1858700F387AF /* Sources */,
				5BD0E49018D1858700F387AF /* Frameworks */,
				5BD0E49118D1858700F387AF /* Resources */,
			);
			buildRules = (
			);
			dependencies = (
				5BD0E49918D1858700F387AF /* PBXTargetDependency */,
			);
			name = TellemTests;
			productName = TellemTests;
			productReference = 5BD0E49318D1858700F387AF /* TellemTests.xctest */;
			productType = "com.apple.product-type.bundle.unit-test";
		};
/* End PBXNativeTarget section */

/* Begin PBXProject section */
		5BD0E46718D1858600F387AF /* Project object */ = {
			isa = PBXProject;
			attributes = {
				LastUpgradeCheck = 0500;
				ORGANIZATIONNAME = TheOneTechnologies;
				TargetAttributes = {
					5BD0E49218D1858700F387AF = {
						TestTargetID = 5BD0E46E18D1858600F387AF;
					};
				};
			};
			buildConfigurationList = 5BD0E46A18D1858600F387AF /* Build configuration list for PBXProject "Tellem" */;
			compatibilityVersion = "Xcode 3.2";
			developmentRegion = English;
			hasScannedForEncodings = 0;
			knownRegions = (
				en,
				Base,
			);
			mainGroup = 5BD0E46618D1858600F387AF;
			productRefGroup = 5BD0E47018D1858600F387AF /* Products */;
			projectDirPath = "";
			projectRoot = "";
			targets = (
				5BD0E46E18D1858600F387AF /* Tellem */,
				5BD0E49218D1858700F387AF /* TellemTests */,
			);
		};
/* End PBXProject section */

/* Begin PBXResourcesBuildPhase section */
		5BD0E46D18D1858600F387AF /* Resources */ = {
			isa = PBXResourcesBuildPhase;
			buildActionMask = 2147483647;
			files = (
				5BD0E48918D1858700F387AF /* Main_iPad.storyboard in Resources */,
				5BD0E48E18D1858700F387AF /* Images.xcassets in Resources */,
				5BD0E48618D1858700F387AF /* Main_iPhone.storyboard in Resources */,
				5BD0E47D18D1858600F387AF /* InfoPlist.strings in Resources */,
			);
			runOnlyForDeploymentPostprocessing = 0;
		};
		5BD0E49118D1858700F387AF /* Resources */ = {
			isa = PBXResourcesBuildPhase;
			buildActionMask = 2147483647;
			files = (
				5BD0E49F18D1858700F387AF /* InfoPlist.strings in Resources */,
			);
			runOnlyForDeploymentPostprocessing = 0;
		};
/* End PBXResourcesBuildPhase section */

/* Begin PBXSourcesBuildPhase section */
		5BD0E46B18D1858600F387AF /* Sources */ = {
			isa = PBXSourcesBuildPhase;
			buildActionMask = 2147483647;
			files = (
				5BD0E48C18D1858700F387AF /* ViewController.m in Sources */,
				5BD0E48318D1858700F387AF /* AppDelegate.m in Sources */,
				5BD0E47F18D1858700F387AF /* main.m in Sources */,
			);
			runOnlyForDeploymentPostprocessing = 0;
		};
		5BD0E48F18D1858700F387AF /* Sources */ = {
			isa = PBXSourcesBuildPhase;
			buildActionMask = 2147483647;
			files = (
				5BD0E4A118D1858700F387AF /* TellemTests.m in Sources */,
			);
			runOnlyForDeploymentPostprocessing = 0;
		};
/* End PBXSourcesBuildPhase section */

/* Begin PBXTargetDependency section */
		5BD0E49918D1858700F387AF /* PBXTargetDependency */ = {
			isa = PBXTargetDependency;
			target = 5BD0E46E18D1858600F387AF /* Tellem */;
			targetProxy = 5BD0E49818D1858700F387AF /* PBXContainerItemProxy */;
		};
/* End PBXTargetDependency section */

/* Begin PBXVariantGroup section */
		5BD0E47B18D1858600F387AF /* InfoPlist.strings */ = {
			isa = PBXVariantGroup;
			children = (
				5BD0E47C18D1858600F387AF /* en */,
			);
			name = InfoPlist.strings;
			sourceTree = "<group>";
		};
		5BD0E48418D1858700F387AF /* Main_iPhone.storyboard */ = {
			isa = PBXVariantGroup;
			children = (
				5BD0E48518D1858700F387AF /* Base */,
			);
			name = Main_iPhone.storyboard;
			sourceTree = "<group>";
		};
		5BD0E48718D1858700F387AF /* Main_iPad.storyboard */ = {
			isa = PBXVariantGroup;
			children = (
				5BD0E48818D1858700F387AF /* Base */,
			);
			name = Main_iPad.storyboard;
			sourceTree = "<group>";
		};
		5BD0E49D18D1858700F387AF /* InfoPlist.strings */ = {
			isa = PBXVariantGroup;
			children = (
				5BD0E49E18D1858700F387AF /* en */,
			);
			name = InfoPlist.strings;
			sourceTree = "<group>";
		};
/* End PBXVariantGroup section */

/* Begin XCBuildConfiguration section */
		5BD0E4A218D1858700F387AF /* Debug */ = {
			isa = XCBuildConfiguration;
			buildSettings = {
				ALWAYS_SEARCH_USER_PATHS = NO;
				ARCHS = "$(ARCHS_STANDARD_INCLUDING_64_BIT)";
				CLANG_CXX_LANGUAGE_STANDARD = "gnu++0x";
				CLANG_CXX_LIBRARY = "libc++";
				CLANG_ENABLE_MODULES = YES;
				CLANG_ENABLE_OBJC_ARC = YES;
				CLANG_WARN_BOOL_CONVERSION = YES;
				CLANG_WARN_CONSTANT_CONVERSION = YES;
				CLANG_WARN_DIRECT_OBJC_ISA_USAGE = YES_ERROR;
				CLANG_WARN_EMPTY_BODY = YES;
				CLANG_WARN_ENUM_CONVERSION = YES;
				CLANG_WARN_INT_CONVERSION = YES;
				CLANG_WARN_OBJC_ROOT_CLASS = YES_ERROR;
				CLANG_WARN__DUPLICATE_METHOD_MATCH = YES;
				"CODE_SIGN_IDENTITY[sdk=iphoneos*]" = "iPhone Developer";
				COPY_PHASE_STRIP = NO;
				GCC_C_LANGUAGE_STANDARD = gnu99;
				GCC_DYNAMIC_NO_PIC = NO;
				GCC_OPTIMIZATION_LEVEL = 0;
				GCC_PREPROCESSOR_DEFINITIONS = (
					"DEBUG=1",
					"$(inherited)",
				);
				GCC_SYMBOLS_PRIVATE_EXTERN = NO;
				GCC_WARN_64_TO_32_BIT_CONVERSION = YES;
				GCC_WARN_ABOUT_RETURN_TYPE = YES_ERROR;
				GCC_WARN_UNDECLARED_SELECTOR = YES;
				GCC_WARN_UNINITIALIZED_AUTOS = YES;
				GCC_WARN_UNUSED_FUNCTION = YES;
				GCC_WARN_UNUSED_VARIABLE = YES;
				IPHONEOS_DEPLOYMENT_TARGET = 7.0;
				ONLY_ACTIVE_ARCH = YES;
				SDKROOT = iphoneos;
				TARGETED_DEVICE_FAMILY = "1,2";
			};
			name = Debug;
		};
		5BD0E4A318D1858700F387AF /* Release */ = {
			isa = XCBuildConfiguration;
			buildSettings = {
				ALWAYS_SEARCH_USER_PATHS = NO;
				ARCHS = "$(ARCHS_STANDARD_INCLUDING_64_BIT)";
				CLANG_CXX_LANGUAGE_STANDARD = "gnu++0x";
				CLANG_CXX_LIBRARY = "libc++";
				CLANG_ENABLE_MODULES = YES;
				CLANG_ENABLE_OBJC_ARC = YES;
				CLANG_WARN_BOOL_CONVERSION = YES;
				CLANG_WARN_CONSTANT_CONVERSION = YES;
				CLANG_WARN_DIRECT_OBJC_ISA_USAGE = YES_ERROR;
				CLANG_WARN_EMPTY_BODY = YES;
				CLANG_WARN_ENUM_CONVERSION = YES;
				CLANG_WARN_INT_CONVERSION = YES;
				CLANG_WARN_OBJC_ROOT_CLASS = YES_ERROR;
				CLANG_WARN__DUPLICATE_METHOD_MATCH = YES;
				"CODE_SIGN_IDENTITY[sdk=iphoneos*]" = "iPhone Developer";
				COPY_PHASE_STRIP = YES;
				ENABLE_NS_ASSERTIONS = NO;
				GCC_C_LANGUAGE_STANDARD = gnu99;
				GCC_WARN_64_TO_32_BIT_CONVERSION = YES;
				GCC_WARN_ABOUT_RETURN_TYPE = YES_ERROR;
				GCC_WARN_UNDECLARED_SELECTOR = YES;
				GCC_WARN_UNINITIALIZED_AUTOS = YES;
				GCC_WARN_UNUSED_FUNCTION = YES;
				GCC_WARN_UNUSED_VARIABLE = YES;
				IPHONEOS_DEPLOYMENT_TARGET = 7.0;
				SDKROOT = iphoneos;
				TARGETED_DEVICE_FAMILY = "1,2";
				VALIDATE_PRODUCT = YES;
			};
			name = Release;
		};
		5BD0E4A518D1858700F387AF /* Debug */ = {
			isa = XCBuildConfiguration;
			buildSettings = {
				ASSETCATALOG_COMPILER_APPICON_NAME = AppIcon;
				ASSETCATALOG_COMPILER_LAUNCHIMAGE_NAME = LaunchImage;
				GCC_PRECOMPILE_PREFIX_HEADER = YES;
				GCC_PREFIX_HEADER = "Tellem/Tellem-Prefix.pch";
				INFOPLIST_FILE = "Tellem/Tellem-Info.plist";
				PRODUCT_NAME = "$(TARGET_NAME)";
				WRAPPER_EXTENSION = app;
			};
			name = Debug;
		};
		5BD0E4A618D1858700F387AF /* Release */ = {
			isa = XCBuildConfiguration;
			buildSettings = {
				ASSETCATALOG_COMPILER_APPICON_NAME = AppIcon;
				ASSETCATALOG_COMPILER_LAUNCHIMAGE_NAME = LaunchImage;
				GCC_PRECOMPILE_PREFIX_HEADER = YES;
				GCC_PREFIX_HEADER = "Tellem/Tellem-Prefix.pch";
				INFOPLIST_FILE = "Tellem/Tellem-Info.plist";
				PRODUCT_NAME = "$(TARGET_NAME)";
				WRAPPER_EXTENSION = app;
			};
			name = Release;
		};
		5BD0E4A818D1858700F387AF /* Debug */ = {
			isa = XCBuildConfiguration;
			buildSettings = {
				ARCHS = "$(ARCHS_STANDARD_INCLUDING_64_BIT)";
				BUNDLE_LOADER = "$(BUILT_PRODUCTS_DIR)/Tellem.app/Tellem";
				FRAMEWORK_SEARCH_PATHS = (
					"$(SDKROOT)/Developer/Library/Frameworks",
					"$(inherited)",
					"$(DEVELOPER_FRAMEWORKS_DIR)",
				);
				GCC_PRECOMPILE_PREFIX_HEADER = YES;
				GCC_PREFIX_HEADER = "Tellem/Tellem-Prefix.pch";
				GCC_PREPROCESSOR_DEFINITIONS = (
					"DEBUG=1",
					"$(inherited)",
				);
				INFOPLIST_FILE = "TellemTests/TellemTests-Info.plist";
				PRODUCT_NAME = "$(TARGET_NAME)";
				TEST_HOST = "$(BUNDLE_LOADER)";
				WRAPPER_EXTENSION = xctest;
			};
			name = Debug;
		};
		5BD0E4A918D1858700F387AF /* Release */ = {
			isa = XCBuildConfiguration;
			buildSettings = {
				ARCHS = "$(ARCHS_STANDARD_INCLUDING_64_BIT)";
				BUNDLE_LOADER = "$(BUILT_PRODUCTS_DIR)/Tellem.app/Tellem";
				FRAMEWORK_SEARCH_PATHS = (
					"$(SDKROOT)/Developer/Library/Frameworks",
					"$(inherited)",
					"$(DEVELOPER_FRAMEWORKS_DIR)",
				);
				GCC_PRECOMPILE_PREFIX_HEADER = YES;
				GCC_PREFIX_HEADER = "Tellem/Tellem-Prefix.pch";
				INFOPLIST_FILE = "TellemTests/TellemTests-Info.plist";
				PRODUCT_NAME = "$(TARGET_NAME)";
				TEST_HOST = "$(BUNDLE_LOADER)";
				WRAPPER_EXTENSION = xctest;
			};
			name = Release;
		};
/* End XCBuildConfiguration section */

/* Begin XCConfigurationList section */
		5BD0E46A18D1858600F387AF /* Build configuration list for PBXProject "Tellem" */ = {
			isa = XCConfigurationList;
			buildConfigurations = (
				5BD0E4A218D1858700F387AF /* Debug */,
				5BD0E4A318D1858700F387AF /* Release */,
			);
			defaultConfigurationIsVisible = 0;
			defaultConfigurationName = Release;
		};
		5BD0E4A418D1858700F387AF /* Build configuration list for PBXNativeTarget "Tellem" */ = {
			isa = XCConfigurationList;
			buildConfigurations = (
				5BD0E4A518D1858700F387AF /* Debug */,
				5BD0E4A618D1858700F387AF /* Release */,
			);
			defaultConfigurationIsVisible = 0;
		};
		5BD0E4A718D1858700F387AF /* Build configuration list for PBXNativeTarget "TellemTests" */ = {
			isa = XCConfigurationList;
			buildConfigurations = (
				5BD0E4A818D1858700F387AF /* Debug */,
				5BD0E4A918D1858700F387AF /* Release */,
			);
			defaultConfigurationIsVisible = 0;
		};
/* End XCConfigurationList section */
	};
	rootObject = 5BD0E46718D1858600F387AF /* Project object */;
}
